# THIS IS AN AUTOGENERATED FILE. DO NOT EDIT THIS FILE DIRECTLY.
# yarn lockfile v1


argparse@~0.1.15:
  version "0.1.16"
  resolved "https://registry.yarnpkg.com/argparse/-/argparse-0.1.16.tgz#cfd01e0fbba3d6caed049fbd758d40f65196f57c"
  dependencies:
    underscore "~1.7.0"
    underscore.string "~2.4.0"

autolinker@~0.15.0:
  version "0.15.3"
  resolved "https://registry.yarnpkg.com/autolinker/-/autolinker-0.15.3.tgz#342417d8f2f3461b14cf09088d5edf8791dc9832"

core-util-is@~1.0.0:
  version "1.0.2"
  resolved "https://registry.yarnpkg.com/core-util-is/-/core-util-is-1.0.2.tgz#b5fd54220aa2bc5ab57aab7140c940754503c1a7"

extend-shallow@^2.0.1:
  version "2.0.1"
  resolved "https://registry.yarnpkg.com/extend-shallow/-/extend-shallow-2.0.1.tgz#51af7d614ad9a9f610ea1bafbb989d6b1c56890f"
  dependencies:
    is-extendable "^0.1.0"

fill-range@^6.0.0:
  version "6.0.0"
  resolved "https://registry.yarnpkg.com/fill-range/-/fill-range-6.0.0.tgz#322a3c8b45991d18d38a03a849661bcc4a32ea63"
  dependencies:
    is-number "^7.0.0"
    to-regex-range "^4.0.1"

gfm-code-block-regex@^1.0.0:
  version "1.0.0"
  resolved "https://registry.yarnpkg.com/gfm-code-block-regex/-/gfm-code-block-regex-1.0.0.tgz#bb83c7d6284e6b5b72fa02198a58ac0d256215d2"

gfm-code-blocks@^1.0.0:
  version "1.0.0"
  resolved "https://registry.yarnpkg.com/gfm-code-blocks/-/gfm-code-blocks-1.0.0.tgz#614d21059b844c6bbc9d588c089b25c4e8bccf0d"
  dependencies:
    gfm-code-block-regex "^1.0.0"

gulp-format-md@2.0.0:
  version "2.0.0"
  resolved "https://registry.yarnpkg.com/gulp-format-md/-/gulp-format-md-2.0.0.tgz#fee9adf8957749e49b934ac2a906150c82250778"
  dependencies:
    pretty-remarkable "^1.0.0"
    remarkable "^1.7.1"
    sections "^1.0.0"
    through2 "^2.0.3"

inherits@~2.0.3:
  version "2.0.3"
  resolved "https://registry.yarnpkg.com/inherits/-/inherits-2.0.3.tgz#633c2c83e3da42a502f52466022480f4208261de"

is-extendable@^0.1.0:
  version "0.1.1"
  resolved "https://registry.yarnpkg.com/is-extendable/-/is-extendable-0.1.1.tgz#62b110e289a471418e3ec36a617d472e301dfc89"

is-number@^7.0.0:
  version "7.0.0"
  resolved "https://registry.yarnpkg.com/is-number/-/is-number-7.0.0.tgz#7535345b896734d5f80c4d06c50955527a14f12b"

isarray@~1.0.0:
  version "1.0.0"
  resolved "https://registry.yarnpkg.com/isarray/-/isarray-1.0.0.tgz#bb935d48582cba168c06834957a54a3e07124f11"

isobject@^3.0.0:
  version "3.0.1"
  resolved "https://registry.yarnpkg.com/isobject/-/isobject-3.0.1.tgz#4e431e92b11a9731636aa1f9c8d1ccbcfdab78df"

list-item@^2.0.0:
  version "2.0.0"
  resolved "https://registry.yarnpkg.com/list-item/-/list-item-2.0.0.tgz#368e5bce05bcc6d0e64a766929fe58d366ddd6f2"
  dependencies:
    fill-range "^6.0.0"
    is-number "^7.0.0"

markdown-utils@^1.0.0:
  version "1.0.0"
  resolved "https://registry.yarnpkg.com/markdown-utils/-/markdown-utils-1.0.0.tgz#defc6e47ea097881af81043ddedea72c001b2cc8"
  dependencies:
    is-number "^7.0.0"
    list-item "^2.0.0"

pretty-remarkable@^1.0.0:
  version "1.0.0"
  resolved "https://registry.yarnpkg.com/pretty-remarkable/-/pretty-remarkable-1.0.0.tgz#7a6ea6c97497300dc7803e263d129b0219e901b1"
  dependencies:
    markdown-utils "^1.0.0"

process-nextick-args@~2.0.0:
  version "2.0.0"
  resolved "https://registry.yarnpkg.com/process-nextick-args/-/process-nextick-args-2.0.0.tgz#a37d732f4271b4ab1ad070d35508e8290788ffaa"

readable-stream@~2.3.6:
  version "2.3.6"
  resolved "https://registry.yarnpkg.com/readable-stream/-/readable-stream-2.3.6.tgz#b11c27d88b8ff1fbe070643cf94b0c79ae1b0aaf"
  dependencies:
    core-util-is "~1.0.0"
    inherits "~2.0.3"
    isarray "~1.0.0"
    process-nextick-args "~2.0.0"
    safe-buffer "~5.1.1"
    string_decoder "~1.1.1"
    util-deprecate "~1.0.1"

remarkable@^1.7.1:
  version "1.7.1"
  resolved "https://registry.yarnpkg.com/remarkable/-/remarkable-1.7.1.tgz#aaca4972100b66a642a63a1021ca4bac1be3bff6"
  dependencies:
    argparse "~0.1.15"
    autolinker "~0.15.0"

safe-buffer@~5.1.0, safe-buffer@~5.1.1:
  version "5.1.2"
  resolved "https://registry.yarnpkg.com/safe-buffer/-/safe-buffer-5.1.2.tgz#991ec69d296e0313747d59bdfd2b745c35f8828d"

sections@^1.0.0:
  version "1.0.0"
  resolved "https://registry.yarnpkg.com/sections/-/sections-1.0.0.tgz#db657f5a478b45d2a046d045c1aa792eb823c2c1"
  dependencies:
    gfm-code-blocks "^1.0.0"
    sort-by-value "^0.1.0"

sort-by-value@^0.1.0:
  version "0.1.0"
  resolved "https://registry.yarnpkg.com/sort-by-value/-/sort-by-value-0.1.0.tgz#d07598927d43d425e51ffa3f6c0b91b708576ba7"
  dependencies:
    extend-shallow "^2.0.1"
    isobject "^3.0.0"

string_decoder@~1.1.1:
  version "1.1.1"
  resolved "https://registry.yarnpkg.com/string_decoder/-/string_decoder-1.1.1.tgz#9cf1611ba62685d7030ae9e4ba34149c3af03fc8"
  dependencies:
    safe-buffer "~5.1.0"

through2@^2.0.3:
  version "2.0.5"
  resolved "https://registry.yarnpkg.com/through2/-/through2-2.0.5.tgz#01c1e39eb31d07cb7d03a96a70823260b23132cd"
  dependencies:
    readable-stream "~2.3.6"
    xtend "~4.0.1"

to-regex-range@^4.0.1:
  version "4.0.3"
  resolved "https://registry.yarnpkg.com/to-regex-range/-/to-regex-range-4.0.3.tgz#64dcfb33638ec86160eb1a8fe6937d7160fcd49a"
  dependencies:
    is-number "^7.0.0"

underscore.string@~2.4.0:
  version "2.4.0"
  resolved "https://registry.yarnpkg.com/underscore.string/-/underscore.string-2.4.0.tgz#8cdd8fbac4e2d2ea1e7e2e8097c42f442280f85b"

underscore@~1.7.0:
  version "1.7.0"
  resolved "https://registry.yarnpkg.com/underscore/-/underscore-1.7.0.tgz#6bbaf0877500d36be34ecaa584e0db9fef035209"

util-deprecate@~1.0.1:
  version "1.0.2"
  resolved "https://registry.yarnpkg.com/util-deprecate/-/util-deprecate-1.0.2.tgz#450d4dc9fa70de732762fbd2d4a28981419a0ccf"

xtend@~4.0.1:
  version "4.0.1"
  resolved "https://registry.yarnpkg.com/xtend/-/xtend-4.0.1.tgz#a5c6d532be656e23db820efb943a1f04998d63af"
